{
  "version": 4,
  "terraform_version": "0.12.6",
  "serial": 15,
  "lineage": "112c28fe-5a98-d5ba-a235-fff5ade05965",
  "outputs": {},
  "resources": [
    {
      "mode": "managed",
      "type": "cherryservers_project",
      "name": "myproject",
      "provider": "provider.cherryservers",
      "instances": [
        {
          "schema_version": 0,
          "attributes": {
            "id": "88219",
            "name": "Kubermatic HA cluster",
            "project_id": null,
            "team_id": "23096"
          },
          "private": "bnVsbA=="
        }
      ]
    },
    {
      "mode": "managed",
      "type": "cherryservers_server",
      "name": "my-master-server",
      "provider": "provider.cherryservers",
      "instances": [
        {
          "status": "tainted",
          "schema_version": 0,
          "attributes": {
            "hostname": "belekas",
            "id": "212243",
            "image": "Ubuntu 18.04 64bit",
            "ip_addresses_ids": null,
            "plan_id": "94",
            "power_state": "off",
            "primary_ip": "46.166.162.197",
            "private_ip": "",
            "project_id": "88219",
            "region": "EU-East-1",
            "ssh_keys_ids": [
              "1385"
            ],
            "state": "provisioning"
          },
          "private": "bnVsbA==",
          "depends_on": [
            "cherryservers_project.myproject",
            "cherryservers_ssh.mykey"
          ]
        }
      ]
    },
    {
      "mode": "managed",
      "type": "cherryservers_ssh",
      "name": "mykey",
      "provider": "provider.cherryservers",
      "instances": [
        {
          "schema_version": 0,
          "attributes": {
            "created": "2019-08-06 15:00:20",
            "fingerprint": "a4:86:30:39:ad:15:ec:e1:66:e6:7d:1d:b1:31:bd:fd",
            "id": "1385",
            "name": "terraformkey",
            "public_key": "ssh-rsa AAAAB3NzaC1yc2EAAAADAQABAAABAQC3zUg/PVDmBj2EWGoVJU5JFd79xCwinK/NgX7gLygqmmo1xRZ0oCOaajwtwpVCtPLUvU35GAiCQJZUhr4Nc7fk6dkvAYSPDo1jYwMUcbJ2tGMIkVeMY8Yuy+WQezM3VJDi8QiQWZPm+HQMK1ZhnJARQX10QO4ZpMGZSpNa2u/89ujgDEoaXOS32E9lT6epcFTY2ZEbG9TloLKvTO5KPYxRwpCpaoJmlhnzAZcq2D2T+qn9Hqjqo1esg+WYjSbgL2w61HP359lgXJfZupdZxbrhaNR7yQxpyv3jYJMnbe4rFTWNPQeSyNFGgL7SsSbmsQIgXzjcHv4hYmtpz/YSZkUl manc@i3\n",
            "updated": "2019-08-06 15:00:20"
          },
          "private": "bnVsbA=="
        }
      ]
    }
  ]
}
